{
  "name": "js_test",
  "lockfileVersion": 3,
  "requires": true,
  "packages": {
    "": {
      "dependencies": {
        "http": "^0.0.1-security",
        "require": "^0.4.4"
      }
    },
    "node_modules/http": {
      "version": "0.0.1-security",
      "resolved": "https://registry.npmjs.org/http/-/http-0.0.1-security.tgz",
      "integrity": "sha512-RnDvP10Ty9FxqOtPZuxtebw1j4L/WiqNMDtuc1YMH1XQm5TgDRaR1G9u8upL6KD1bXHSp9eSXo/ED+8Q7FAr+g=="
    },
    "node_modules/require": {
      "version": "0.4.9",
      "resolved": "https://registry.npmjs.org/require/-/require-0.4.9.tgz",
      "integrity": "sha512-gkJ1IiSdLFgBiLmcVdtBen0KVB3H/+2pLtoEXKUEKKCxlaH5e/aAyMcvYWuXD8gzbdTW/1U7UEB71lSEl8wA9w==",
      "dependencies": {
        "uglify-js": "1.0.3"
      },
      "bin": {
        "require": "bin/require-command.js"
      },
      "engines": {
        "browsers": "*",
        "node": "*"
      }
    },
    "node_modules/uglify-js": {
      "version": "1.0.3",
      "resolved": "https://registry.npmjs.org/uglify-js/-/uglify-js-1.0.3.tgz",
      "integrity": "sha512-56NY7VZ8NfvYgu3e6Gk44nU4ifXlWvTDmTB8SLZ1Sl0gZbXA5ncDmVBD6U2hv3oiXLaIfeSoht7RwVeiaQUe8Q==",
      "bin": {
        "uglifyjs": "bin/uglifyjs"
      },
      "engines": {
        "node": "*"
      }
    }
  }
}
